
Microsoft Visual Studio Solution File, Format Version 12.00
# Visual Studio Version 17
VisualStudioVersion = 17.8.34322.80
MinimumVisualStudioVersion = 10.0.40219.1
Project("{9A19103F-16F7-4668-BE54-9A1E7A4F7556}") = "HelloWorld", "HelloWorld\HelloWorld.csproj", "{BB319575-4588-46D4-B230-5019F40C7C17}"
EndProject
Project("{9A19103F-16F7-4668-BE54-9A1E7A4F7556}") = "DataTypes", "DataTypes\DataTypes.csproj", "{CE00BFE3-2983-4350-9305-9968AD7DB79A}"
EndProject
Project("{9A19103F-16F7-4668-BE54-9A1E7A4F7556}") = "Variables", "Variables\Variables.csproj", "{9B7020AF-10A3-4696-92EE-52EE42AA21C8}"
EndProject
Project("{9A19103F-16F7-4668-BE54-9A1E7A4F7556}") = "UserInput", "UserInput\UserInput.csproj", "{6F4637BE-98F0-40BC-ABB9-B9D18B7F492B}"
EndProject
Project("{9A19103F-16F7-4668-BE54-9A1E7A4F7556}") = "ProblemSolvingProb1", "ProblemSolvingProb1\ProblemSolvingProb1.csproj", "{D3608A95-5A0B-4A43-B9A1-45E722B1A4D6}"
EndProject
Project("{9A19103F-16F7-4668-BE54-9A1E7A4F7556}") = "AreaOfHexagon", "AreaOfHexagon\AreaOfHexagon.csproj", "{25A0961F-64C5-4A12-AC2C-8CE16B2760C1}"
EndProject
Project("{FAE04EC0-301F-11D3-BF4B-00C04F79EFBC}") = "WorkingWithStrings", "WorkingWithStrings\WorkingWithStrings.csproj", "{F11BB2C7-5091-4414-A4F0-9B13FE908183}"
EndProject
Global
	GlobalSection(SolutionConfigurationPlatforms) = preSolution
		Debug|Any CPU = Debug|Any CPU
		Release|Any CPU = Release|Any CPU
	EndGlobalSection
	GlobalSection(ProjectConfigurationPlatforms) = postSolution
		{BB319575-4588-46D4-B230-5019F40C7C17}.Debug|Any CPU.ActiveCfg = Debug|Any CPU
		{BB319575-4588-46D4-B230-5019F40C7C17}.Debug|Any CPU.Build.0 = Debug|Any CPU
		{BB319575-4588-46D4-B230-5019F40C7C17}.Release|Any CPU.ActiveCfg = Release|Any CPU
		{BB319575-4588-46D4-B230-5019F40C7C17}.Release|Any CPU.Build.0 = Release|Any CPU
		{CE00BFE3-2983-4350-9305-9968AD7DB79A}.Debug|Any CPU.ActiveCfg = Debug|Any CPU
		{CE00BFE3-2983-4350-9305-9968AD7DB79A}.Debug|Any CPU.Build.0 = Debug|Any CPU
		{CE00BFE3-2983-4350-9305-9968AD7DB79A}.Release|Any CPU.ActiveCfg = Release|Any CPU
		{CE00BFE3-2983-4350-9305-9968AD7DB79A}.Release|Any CPU.Build.0 = Release|Any CPU
		{9B7020AF-10A3-4696-92EE-52EE42AA21C8}.Debug|Any CPU.ActiveCfg = Debug|Any CPU
		{9B7020AF-10A3-4696-92EE-52EE42AA21C8}.Debug|Any CPU.Build.0 = Debug|Any CPU
		{9B7020AF-10A3-4696-92EE-52EE42AA21C8}.Release|Any CPU.ActiveCfg = Release|Any CPU
		{9B7020AF-10A3-4696-92EE-52EE42AA21C8}.Release|Any CPU.Build.0 = Release|Any CPU
		{6F4637BE-98F0-40BC-ABB9-B9D18B7F492B}.Debug|Any CPU.ActiveCfg = Debug|Any CPU
		{6F4637BE-98F0-40BC-ABB9-B9D18B7F492B}.Debug|Any CPU.Build.0 = Debug|Any CPU
		{6F4637BE-98F0-40BC-ABB9-B9D18B7F492B}.Release|Any CPU.ActiveCfg = Release|Any CPU
		{6F4637BE-98F0-40BC-ABB9-B9D18B7F492B}.Release|Any CPU.Build.0 = Release|Any CPU
		{D3608A95-5A0B-4A43-B9A1-45E722B1A4D6}.Debug|Any CPU.ActiveCfg = Debug|Any CPU
		{D3608A95-5A0B-4A43-B9A1-45E722B1A4D6}.Debug|Any CPU.Build.0 = Debug|Any CPU
		{D3608A95-5A0B-4A43-B9A1-45E722B1A4D6}.Release|Any CPU.ActiveCfg = Release|Any CPU
		{D3608A95-5A0B-4A43-B9A1-45E722B1A4D6}.Release|Any CPU.Build.0 = Release|Any CPU
		{25A0961F-64C5-4A12-AC2C-8CE16B2760C1}.Debug|Any CPU.ActiveCfg = Debug|Any CPU
		{25A0961F-64C5-4A12-AC2C-8CE16B2760C1}.Debug|Any CPU.Build.0 = Debug|Any CPU
		{25A0961F-64C5-4A12-AC2C-8CE16B2760C1}.Release|Any CPU.ActiveCfg = Release|Any CPU
		{25A0961F-64C5-4A12-AC2C-8CE16B2760C1}.Release|Any CPU.Build.0 = Release|Any CPU
		{F11BB2C7-5091-4414-A4F0-9B13FE908183}.Debug|Any CPU.ActiveCfg = Debug|Any CPU
		{F11BB2C7-5091-4414-A4F0-9B13FE908183}.Debug|Any CPU.Build.0 = Debug|Any CPU
		{F11BB2C7-5091-4414-A4F0-9B13FE908183}.Release|Any CPU.ActiveCfg = Release|Any CPU
		{F11BB2C7-5091-4414-A4F0-9B13FE908183}.Release|Any CPU.Build.0 = Release|Any CPU
	EndGlobalSection
	GlobalSection(SolutionProperties) = preSolution
		HideSolutionNode = FALSE
	EndGlobalSection
	GlobalSection(ExtensibilityGlobals) = postSolution
		SolutionGuid = {71A6A199-1021-40AF-8FA2-70383AE98A0A}
	EndGlobalSection
EndGlobal
